
Microsoft Visual Studio Solution File, Format Version 12.00
# Visual Studio 15
VisualStudioVersion = 15.0.27703.2035
MinimumVisualStudioVersion = 10.0.40219.1
Project("{FAE04EC0-301F-11D3-BF4B-00C04F79EFBC}") = "Custom Menu Text", "Custom Menu Text\Custom Menu Text.csproj", "{5BF5B462-C110-4C72-A3C2-5E9A29920958}"
EndProject
Global
	GlobalSection(SolutionConfigurationPlatforms) = preSolution
		Debug|Any CPU = Debug|Any CPU
		Release|Any CPU = Release|Any CPU
	EndGlobalSection
	GlobalSection(ProjectConfigurationPlatforms) = postSolution
		{5BF5B462-C110-4C72-A3C2-5E9A29920958}.Debug|Any CPU.ActiveCfg = Debug|Any CPU
		{5BF5B462-C110-4C72-A3C2-5E9A29920958}.Debug|Any CPU.Build.0 = Debug|Any CPU
		{5BF5B462-C110-4C72-A3C2-5E9A29920958}.Release|Any CPU.ActiveCfg = Release|Any CPU
		{5BF5B462-C110-4C72-A3C2-5E9A29920958}.Release|Any CPU.Build.0 = Release|Any CPU
	EndGlobalSection
	GlobalSection(SolutionProperties) = preSolution
		HideSolutionNode = FALSE
	EndGlobalSection
	GlobalSection(ExtensibilityGlobals) = postSolution
		SolutionGuid = {C7F15365-D994-42FC-B913-FC5B83797E1C}
	EndGlobalSection
EndGlobal
